
Microsoft Visual Studio Solution File, Format Version 12.00
# Visual Studio Version 16
VisualStudioVersion = 16.0.31019.35
MinimumVisualStudioVersion = 10.0.40219.1
Project("{FAE04EC0-301F-11D3-BF4B-00C04F79EFBC}") = "Traineeship", "Traineeship\Traineeship.csproj", "{9BB76BAD-AD86-4202-94D2-E410F57A280C}"
EndProject
Global
	GlobalSection(SolutionConfigurationPlatforms) = preSolution
		Debug|Any CPU = Debug|Any CPU
		Release|Any CPU = Release|Any CPU
	EndGlobalSection
	GlobalSection(ProjectConfigurationPlatforms) = postSolution
		{9BB76BAD-AD86-4202-94D2-E410F57A280C}.Debug|Any CPU.ActiveCfg = Debug|Any CPU
		{9BB76BAD-AD86-4202-94D2-E410F57A280C}.Debug|Any CPU.Build.0 = Debug|Any CPU
		{9BB76BAD-AD86-4202-94D2-E410F57A280C}.Release|Any CPU.ActiveCfg = Release|Any CPU
		{9BB76BAD-AD86-4202-94D2-E410F57A280C}.Release|Any CPU.Build.0 = Release|Any CPU
	EndGlobalSection
	GlobalSection(SolutionProperties) = preSolution
		HideSolutionNode = FALSE
	EndGlobalSection
	GlobalSection(ExtensibilityGlobals) = postSolution
		SolutionGuid = {261434CE-A354-49DC-8A33-359A39825D32}
	EndGlobalSection
EndGlobal
